// !$*UTF8*$!
{
	archiveVersion = 1;
	classes = {
	};
	objectVersion = 46;
	objects = {

/* Begin PBXBuildFile section */
		8093AE88E622E139CA0B6ABA /* Pods_social.framework in Frameworks */ = {isa = PBXBuildFile; fileRef = DC9A8703E8CCC747D755E1E2 /* Pods_social.framework */; };
		AC52704C1DDCE175007E079C /* AppDelegate.swift in Sources */ = {isa = PBXBuildFile; fileRef = AC52704B1DDCE175007E079C /* AppDelegate.swift */; };
		AC52704E1DDCE175007E079C /* SignInVC.swift in Sources */ = {isa = PBXBuildFile; fileRef = AC52704D1DDCE175007E079C /* SignInVC.swift */; };
		AC5270511DDCE175007E079C /* Main.storyboard in Resources */ = {isa = PBXBuildFile; fileRef = AC52704F1DDCE175007E079C /* Main.storyboard */; };
		AC5270531DDCE175007E079C /* Assets.xcassets in Resources */ = {isa = PBXBuildFile; fileRef = AC5270521DDCE175007E079C /* Assets.xcassets */; };
		AC5270561DDCE175007E079C /* LaunchScreen.storyboard in Resources */ = {isa = PBXBuildFile; fileRef = AC5270541DDCE175007E079C /* LaunchScreen.storyboard */; };
		AC52705E1DDCE256007E079C /* GoogleService-Info.plist in Resources */ = {isa = PBXBuildFile; fileRef = AC52705D1DDCE256007E079C /* GoogleService-Info.plist */; };
		AC5270631DDDABDB007E079C /* FancyView.swift in Sources */ = {isa = PBXBuildFile; fileRef = AC5270621DDDABDB007E079C /* FancyView.swift */; };
		AC5270661DDDAD8B007E079C /* Constanc.swift in Sources */ = {isa = PBXBuildFile; fileRef = AC5270651DDDAD8B007E079C /* Constanc.swift */; };
		AC52706A1DDDB0DB007E079C /* RoundButton.swift in Sources */ = {isa = PBXBuildFile; fileRef = AC5270691DDDB0DB007E079C /* RoundButton.swift */; };
		AC52706C1DDDB39E007E079C /* FancyTextField.swift in Sources */ = {isa = PBXBuildFile; fileRef = AC52706B1DDDB39E007E079C /* FancyTextField.swift */; };
		AC52706E1DDDB61D007E079C /* FancyBtn.swift in Sources */ = {isa = PBXBuildFile; fileRef = AC52706D1DDDB61D007E079C /* FancyBtn.swift */; };
		AC5270701DDF483E007E079C /* FeedVC.swift in Sources */ = {isa = PBXBuildFile; fileRef = AC52706F1DDF483E007E079C /* FeedVC.swift */; };
		AC5270911DE0A1A0007E079C /* CircleView.swift in Sources */ = {isa = PBXBuildFile; fileRef = AC5270901DE0A1A0007E079C /* CircleView.swift */; };
/* End PBXBuildFile section */

/* Begin PBXFileReference section */
		6F4E9F3E2F6F3C8A9E67F969 /* Pods-social.debug.xcconfig */ = {isa = PBXFileReference; includeInIndex = 1; lastKnownFileType = text.xcconfig; name = "Pods-social.debug.xcconfig"; path = "Pods/Target Support Files/Pods-social/Pods-social.debug.xcconfig"; sourceTree = "<group>"; };
		AC5270481DDCE175007E079C /* social.app */ = {isa = PBXFileReference; explicitFileType = wrapper.application; includeInIndex = 0; path = social.app; sourceTree = BUILT_PRODUCTS_DIR; };
		AC52704B1DDCE175007E079C /* AppDelegate.swift */ = {isa = PBXFileReference; lastKnownFileType = sourcecode.swift; path = AppDelegate.swift; sourceTree = "<group>"; };
		AC52704D1DDCE175007E079C /* SignInVC.swift */ = {isa = PBXFileReference; lastKnownFileType = sourcecode.swift; path = SignInVC.swift; sourceTree = "<group>"; };
		AC5270501DDCE175007E079C /* Base */ = {isa = PBXFileReference; lastKnownFileType = file.storyboard; name = Base; path = Base.lproj/Main.storyboard; sourceTree = "<group>"; };
		AC5270521DDCE175007E079C /* Assets.xcassets */ = {isa = PBXFileReference; lastKnownFileType = folder.assetcatalog; path = Assets.xcassets; sourceTree = "<group>"; };
		AC5270551DDCE175007E079C /* Base */ = {isa = PBXFileReference; lastKnownFileType = file.storyboard; name = Base; path = Base.lproj/LaunchScreen.storyboard; sourceTree = "<group>"; };
		AC5270571DDCE175007E079C /* Info.plist */ = {isa = PBXFileReference; lastKnownFileType = text.plist.xml; path = Info.plist; sourceTree = "<group>"; };
		AC52705D1DDCE256007E079C /* GoogleService-Info.plist */ = {isa = PBXFileReference; fileEncoding = 4; lastKnownFileType = text.plist.xml; path = "GoogleService-Info.plist"; sourceTree = "<group>"; };
		AC5270621DDDABDB007E079C /* FancyView.swift */ = {isa = PBXFileReference; fileEncoding = 4; lastKnownFileType = sourcecode.swift; path = FancyView.swift; sourceTree = "<group>"; };
		AC5270651DDDAD8B007E079C /* Constanc.swift */ = {isa = PBXFileReference; fileEncoding = 4; lastKnownFileType = sourcecode.swift; path = Constanc.swift; sourceTree = "<group>"; };
		AC5270691DDDB0DB007E079C /* RoundButton.swift */ = {isa = PBXFileReference; fileEncoding = 4; lastKnownFileType = sourcecode.swift; path = RoundButton.swift; sourceTree = "<group>"; };
		AC52706B1DDDB39E007E079C /* FancyTextField.swift */ = {isa = PBXFileReference; fileEncoding = 4; lastKnownFileType = sourcecode.swift; path = FancyTextField.swift; sourceTree = "<group>"; };
		AC52706D1DDDB61D007E079C /* FancyBtn.swift */ = {isa = PBXFileReference; fileEncoding = 4; lastKnownFileType = sourcecode.swift; path = FancyBtn.swift; sourceTree = "<group>"; };
		AC52706F1DDF483E007E079C /* FeedVC.swift */ = {isa = PBXFileReference; fileEncoding = 4; lastKnownFileType = sourcecode.swift; path = FeedVC.swift; sourceTree = "<group>"; };
		AC5270711DDF8FC2007E079C /* social.entitlements */ = {isa = PBXFileReference; lastKnownFileType = text.plist.entitlements; path = social.entitlements; sourceTree = "<group>"; };
		AC5270901DE0A1A0007E079C /* CircleView.swift */ = {isa = PBXFileReference; fileEncoding = 4; lastKnownFileType = sourcecode.swift; path = CircleView.swift; sourceTree = "<group>"; };
		DC9A8703E8CCC747D755E1E2 /* Pods_social.framework */ = {isa = PBXFileReference; explicitFileType = wrapper.framework; includeInIndex = 0; path = Pods_social.framework; sourceTree = BUILT_PRODUCTS_DIR; };
		EA09A5B9EE245CE7C17A32C3 /* Pods-social.release.xcconfig */ = {isa = PBXFileReference; includeInIndex = 1; lastKnownFileType = text.xcconfig; name = "Pods-social.release.xcconfig"; path = "Pods/Target Support Files/Pods-social/Pods-social.release.xcconfig"; sourceTree = "<group>"; };
/* End PBXFileReference section */

/* Begin PBXFrameworksBuildPhase section */
		AC5270451DDCE175007E079C /* Frameworks */ = {
			isa = PBXFrameworksBuildPhase;
			buildActionMask = 2147483647;
			files = (
				8093AE88E622E139CA0B6ABA /* Pods_social.framework in Frameworks */,
			);
			runOnlyForDeploymentPostprocessing = 0;
		};
/* End PBXFrameworksBuildPhase section */

/* Begin PBXGroup section */
		79938FDBE1C350FB134C3725 /* Frameworks */ = {
			isa = PBXGroup;
			children = (
				DC9A8703E8CCC747D755E1E2 /* Pods_social.framework */,
			);
			name = Frameworks;
			sourceTree = "<group>";
		};
		99C6ACA2A059E738DD031F7D /* Pods */ = {
			isa = PBXGroup;
			children = (
				6F4E9F3E2F6F3C8A9E67F969 /* Pods-social.debug.xcconfig */,
				EA09A5B9EE245CE7C17A32C3 /* Pods-social.release.xcconfig */,
			);
			name = Pods;
			sourceTree = "<group>";
		};
		AC52703F1DDCE175007E079C = {
			isa = PBXGroup;
			children = (
				AC52704A1DDCE175007E079C /* social */,
				AC5270491DDCE175007E079C /* Products */,
				99C6ACA2A059E738DD031F7D /* Pods */,
				79938FDBE1C350FB134C3725 /* Frameworks */,
			);
			sourceTree = "<group>";
		};
		AC5270491DDCE175007E079C /* Products */ = {
			isa = PBXGroup;
			children = (
				AC5270481DDCE175007E079C /* social.app */,
			);
			name = Products;
			sourceTree = "<group>";
		};
		AC52704A1DDCE175007E079C /* social */ = {
			isa = PBXGroup;
			children = (
				AC5270711DDF8FC2007E079C /* social.entitlements */,
				AC5270641DDDAD6D007E079C /* Util */,
				AC5270611DDCE4FD007E079C /* Model */,
				AC5270601DDCE4F0007E079C /* View */,
				AC52705F1DDCE4E6007E079C /* Controller */,
				AC52705D1DDCE256007E079C /* GoogleService-Info.plist */,
				AC52704B1DDCE175007E079C /* AppDelegate.swift */,
				AC52704F1DDCE175007E079C /* Main.storyboard */,
				AC5270521DDCE175007E079C /* Assets.xcassets */,
				AC5270541DDCE175007E079C /* LaunchScreen.storyboard */,
				AC5270571DDCE175007E079C /* Info.plist */,
			);
			path = social;
			sourceTree = "<group>";
		};
		AC52705F1DDCE4E6007E079C /* Controller */ = {
			isa = PBXGroup;
			children = (
				AC52704D1DDCE175007E079C /* SignInVC.swift */,
				AC52706F1DDF483E007E079C /* FeedVC.swift */,
			);
			name = Controller;
			sourceTree = "<group>";
		};
		AC5270601DDCE4F0007E079C /* View */ = {
			isa = PBXGroup;
			children = (
				AC5270691DDDB0DB007E079C /* RoundButton.swift */,
				AC5270621DDDABDB007E079C /* FancyView.swift */,
				AC52706B1DDDB39E007E079C /* FancyTextField.swift */,
				AC52706D1DDDB61D007E079C /* FancyBtn.swift */,
				AC5270901DE0A1A0007E079C /* CircleView.swift */,
			);
			name = View;
			sourceTree = "<group>";
		};
		AC5270611DDCE4FD007E079C /* Model */ = {
			isa = PBXGroup;
			children = (
			);
			name = Model;
			sourceTree = "<group>";
		};
		AC5270641DDDAD6D007E079C /* Util */ = {
			isa = PBXGroup;
			children = (
				AC5270651DDDAD8B007E079C /* Constanc.swift */,
			);
			name = Util;
			sourceTree = "<group>";
		};
/* End PBXGroup section */

/* Begin PBXNativeTarget section */
		AC5270471DDCE175007E079C /* social */ = {
			isa = PBXNativeTarget;
			buildConfigurationList = AC52705A1DDCE175007E079C /* Build configuration list for PBXNativeTarget "social" */;
			buildPhases = (
				A33F3C010F29B9FE68B31CBE /* [CP] Check Pods Manifest.lock */,
				AC5270441DDCE175007E079C /* Sources */,
				AC5270451DDCE175007E079C /* Frameworks */,
				AC5270461DDCE175007E079C /* Resources */,
				B8D0E5C1063CA0E1CB66940E /* [CP] Embed Pods Frameworks */,
				FB7E368C26F55DAF390EAEB0 /* [CP] Copy Pods Resources */,
			);
			buildRules = (
			);
			dependencies = (
			);
			name = social;
			productName = social;
			productReference = AC5270481DDCE175007E079C /* social.app */;
			productType = "com.apple.product-type.application";
		};
/* End PBXNativeTarget section */

/* Begin PBXProject section */
		AC5270401DDCE175007E079C /* Project object */ = {
			isa = PBXProject;
			attributes = {
				LastSwiftUpdateCheck = 0810;
				LastUpgradeCheck = 0810;
				ORGANIZATIONNAME = "Mario Fancovic";
				TargetAttributes = {
					AC5270471DDCE175007E079C = {
						CreatedOnToolsVersion = 8.1;
						DevelopmentTeam = RA4UC54DV9;
						ProvisioningStyle = Automatic;
						SystemCapabilities = {
							com.apple.Keychain = {
								enabled = 1;
							};
						};
					};
				};
			};
			buildConfigurationList = AC5270431DDCE175007E079C /* Build configuration list for PBXProject "social" */;
			compatibilityVersion = "Xcode 3.2";
			developmentRegion = English;
			hasScannedForEncodings = 0;
			knownRegions = (
				en,
				Base,
			);
			mainGroup = AC52703F1DDCE175007E079C;
			productRefGroup = AC5270491DDCE175007E079C /* Products */;
			projectDirPath = "";
			projectRoot = "";
			targets = (
				AC5270471DDCE175007E079C /* social */,
			);
		};
/* End PBXProject section */

/* Begin PBXResourcesBuildPhase section */
		AC5270461DDCE175007E079C /* Resources */ = {
			isa = PBXResourcesBuildPhase;
			buildActionMask = 2147483647;
			files = (
				AC5270561DDCE175007E079C /* LaunchScreen.storyboard in Resources */,
				AC52705E1DDCE256007E079C /* GoogleService-Info.plist in Resources */,
				AC5270531DDCE175007E079C /* Assets.xcassets in Resources */,
				AC5270511DDCE175007E079C /* Main.storyboard in Resources */,
			);
			runOnlyForDeploymentPostprocessing = 0;
		};
/* End PBXResourcesBuildPhase section */

/* Begin PBXShellScriptBuildPhase section */
		A33F3C010F29B9FE68B31CBE /* [CP] Check Pods Manifest.lock */ = {
			isa = PBXShellScriptBuildPhase;
			buildActionMask = 2147483647;
			files = (
			);
			inputPaths = (
			);
			name = "[CP] Check Pods Manifest.lock";
			outputPaths = (
			);
			runOnlyForDeploymentPostprocessing = 0;
			shellPath = /bin/sh;
			shellScript = "diff \"${PODS_ROOT}/../Podfile.lock\" \"${PODS_ROOT}/Manifest.lock\" > /dev/null\nif [ $? != 0 ] ; then\n    # print error to STDERR\n    echo \"error: The sandbox is not in sync with the Podfile.lock. Run 'pod install' or update your CocoaPods installation.\" >&2\n    exit 1\nfi\n";
			showEnvVarsInLog = 0;
		};
		B8D0E5C1063CA0E1CB66940E /* [CP] Embed Pods Frameworks */ = {
			isa = PBXShellScriptBuildPhase;
			buildActionMask = 2147483647;
			files = (
			);
			inputPaths = (
			);
			name = "[CP] Embed Pods Frameworks";
			outputPaths = (
			);
			runOnlyForDeploymentPostprocessing = 0;
			shellPath = /bin/sh;
			shellScript = "\"${SRCROOT}/Pods/Target Support Files/Pods-social/Pods-social-frameworks.sh\"\n";
			showEnvVarsInLog = 0;
		};
		FB7E368C26F55DAF390EAEB0 /* [CP] Copy Pods Resources */ = {
			isa = PBXShellScriptBuildPhase;
			buildActionMask = 2147483647;
			files = (
			);
			inputPaths = (
			);
			name = "[CP] Copy Pods Resources";
			outputPaths = (
			);
			runOnlyForDeploymentPostprocessing = 0;
			shellPath = /bin/sh;
			shellScript = "\"${SRCROOT}/Pods/Target Support Files/Pods-social/Pods-social-resources.sh\"\n";
			showEnvVarsInLog = 0;
		};
/* End PBXShellScriptBuildPhase section */

/* Begin PBXSourcesBuildPhase section */
		AC5270441DDCE175007E079C /* Sources */ = {
			isa = PBXSourcesBuildPhase;
			buildActionMask = 2147483647;
			files = (
				AC5270911DE0A1A0007E079C /* CircleView.swift in Sources */,
				AC52704E1DDCE175007E079C /* SignInVC.swift in Sources */,
				AC52706A1DDDB0DB007E079C /* RoundButton.swift in Sources */,
				AC52704C1DDCE175007E079C /* AppDelegate.swift in Sources */,
				AC52706C1DDDB39E007E079C /* FancyTextField.swift in Sources */,
				AC5270701DDF483E007E079C /* FeedVC.swift in Sources */,
				AC5270661DDDAD8B007E079C /* Constanc.swift in Sources */,
				AC5270631DDDABDB007E079C /* FancyView.swift in Sources */,
				AC52706E1DDDB61D007E079C /* FancyBtn.swift in Sources */,
			);
			runOnlyForDeploymentPostprocessing = 0;
		};
/* End PBXSourcesBuildPhase section */

/* Begin PBXVariantGroup section */
		AC52704F1DDCE175007E079C /* Main.storyboard */ = {
			isa = PBXVariantGroup;
			children = (
				AC5270501DDCE175007E079C /* Base */,
			);
			name = Main.storyboard;
			sourceTree = "<group>";
		};
		AC5270541DDCE175007E079C /* LaunchScreen.storyboard */ = {
			isa = PBXVariantGroup;
			children = (
				AC5270551DDCE175007E079C /* Base */,
			);
			name = LaunchScreen.storyboard;
			sourceTree = "<group>";
		};
/* End PBXVariantGroup section */

/* Begin XCBuildConfiguration section */
		AC5270581DDCE175007E079C /* Debug */ = {
			isa = XCBuildConfiguration;
			buildSettings = {
				ALWAYS_SEARCH_USER_PATHS = NO;
				CLANG_ANALYZER_NONNULL = YES;
				CLANG_CXX_LANGUAGE_STANDARD = "gnu++0x";
				CLANG_CXX_LIBRARY = "libc++";
				CLANG_ENABLE_MODULES = YES;
				CLANG_ENABLE_OBJC_ARC = YES;
				CLANG_WARN_BOOL_CONVERSION = YES;
				CLANG_WARN_CONSTANT_CONVERSION = YES;
				CLANG_WARN_DIRECT_OBJC_ISA_USAGE = YES_ERROR;
				CLANG_WARN_DOCUMENTATION_COMMENTS = YES;
				CLANG_WARN_EMPTY_BODY = YES;
				CLANG_WARN_ENUM_CONVERSION = YES;
				CLANG_WARN_INFINITE_RECURSION = YES;
				CLANG_WARN_INT_CONVERSION = YES;
				CLANG_WARN_OBJC_ROOT_CLASS = YES_ERROR;
				CLANG_WARN_SUSPICIOUS_MOVES = YES;
				CLANG_WARN_UNREACHABLE_CODE = YES;
				CLANG_WARN__DUPLICATE_METHOD_MATCH = YES;
				"CODE_SIGN_IDENTITY[sdk=iphoneos*]" = "iPhone Developer";
				COPY_PHASE_STRIP = NO;
				DEBUG_INFORMATION_FORMAT = dwarf;
				ENABLE_STRICT_OBJC_MSGSEND = YES;
				ENABLE_TESTABILITY = YES;
				GCC_C_LANGUAGE_STANDARD = gnu99;
				GCC_DYNAMIC_NO_PIC = NO;
				GCC_NO_COMMON_BLOCKS = YES;
				GCC_OPTIMIZATION_LEVEL = 0;
				GCC_PREPROCESSOR_DEFINITIONS = (
					"DEBUG=1",
					"$(inherited)",
				);
				GCC_WARN_64_TO_32_BIT_CONVERSION = YES;
				GCC_WARN_ABOUT_RETURN_TYPE = YES_ERROR;
				GCC_WARN_UNDECLARED_SELECTOR = YES;
				GCC_WARN_UNINITIALIZED_AUTOS = YES_AGGRESSIVE;
				GCC_WARN_UNUSED_FUNCTION = YES;
				GCC_WARN_UNUSED_VARIABLE = YES;
				IPHONEOS_DEPLOYMENT_TARGET = 10.1;
				MTL_ENABLE_DEBUG_INFO = YES;
				ONLY_ACTIVE_ARCH = YES;
				SDKROOT = iphoneos;
				SWIFT_ACTIVE_COMPILATION_CONDITIONS = DEBUG;
				SWIFT_OPTIMIZATION_LEVEL = "-Onone";
				TARGETED_DEVICE_FAMILY = "1,2";
			};
			name = Debug;
		};
		AC5270591DDCE175007E079C /* Release */ = {
			isa = XCBuildConfiguration;
			buildSettings = {
				ALWAYS_SEARCH_USER_PATHS = NO;
				CLANG_ANALYZER_NONNULL = YES;
				CLANG_CXX_LANGUAGE_STANDARD = "gnu++0x";
				CLANG_CXX_LIBRARY = "libc++";
				CLANG_ENABLE_MODULES = YES;
				CLANG_ENABLE_OBJC_ARC = YES;
				CLANG_WARN_BOOL_CONVERSION = YES;
				CLANG_WARN_CONSTANT_CONVERSION = YES;
				CLANG_WARN_DIRECT_OBJC_ISA_USAGE = YES_ERROR;
				CLANG_WARN_DOCUMENTATION_COMMENTS = YES;
				CLANG_WARN_EMPTY_BODY = YES;
				CLANG_WARN_ENUM_CONVERSION = YES;
				CLANG_WARN_INFINITE_RECURSION = YES;
				CLANG_WARN_INT_CONVERSION = YES;
				CLANG_WARN_OBJC_ROOT_CLASS = YES_ERROR;
				CLANG_WARN_SUSPICIOUS_MOVES = YES;
				CLANG_WARN_UNREACHABLE_CODE = YES;
				CLANG_WARN__DUPLICATE_METHOD_MATCH = YES;
				"CODE_SIGN_IDENTITY[sdk=iphoneos*]" = "iPhone Developer";
				COPY_PHASE_STRIP = NO;
				DEBUG_INFORMATION_FORMAT = "dwarf-with-dsym";
				ENABLE_NS_ASSERTIONS = NO;
				ENABLE_STRICT_OBJC_MSGSEND = YES;
				GCC_C_LANGUAGE_STANDARD = gnu99;
				GCC_NO_COMMON_BLOCKS = YES;
				GCC_WARN_64_TO_32_BIT_CONVERSION = YES;
				GCC_WARN_ABOUT_RETURN_TYPE = YES_ERROR;
				GCC_WARN_UNDECLARED_SELECTOR = YES;
				GCC_WARN_UNINITIALIZED_AUTOS = YES_AGGRESSIVE;
				GCC_WARN_UNUSED_FUNCTION = YES;
				GCC_WARN_UNUSED_VARIABLE = YES;
				IPHONEOS_DEPLOYMENT_TARGET = 10.1;
				MTL_ENABLE_DEBUG_INFO = NO;
				SDKROOT = iphoneos;
				SWIFT_OPTIMIZATION_LEVEL = "-Owholemodule";
				TARGETED_DEVICE_FAMILY = "1,2";
				VALIDATE_PRODUCT = YES;
			};
			name = Release;
		};
		AC52705B1DDCE175007E079C /* Debug */ = {
			isa = XCBuildConfiguration;
			baseConfigurationReference = 6F4E9F3E2F6F3C8A9E67F969 /* Pods-social.debug.xcconfig */;
			buildSettings = {
				ASSETCATALOG_COMPILER_APPICON_NAME = AppIcon;
				CODE_SIGN_ENTITLEMENTS = social/social.entitlements;
				DEVELOPMENT_TEAM = RA4UC54DV9;
				INFOPLIST_FILE = social/Info.plist;
				LD_RUNPATH_SEARCH_PATHS = "$(inherited) @executable_path/Frameworks";
				PRODUCT_BUNDLE_IDENTIFIER = RA4UC54DV9.social;
				PRODUCT_NAME = "$(TARGET_NAME)";
				SWIFT_VERSION = 3.0;
			};
			name = Debug;
		};
		AC52705C1DDCE175007E079C /* Release */ = {
			isa = XCBuildConfiguration;
			baseConfigurationReference = EA09A5B9EE245CE7C17A32C3 /* Pods-social.release.xcconfig */;
			buildSettings = {
				ASSETCATALOG_COMPILER_APPICON_NAME = AppIcon;
				CODE_SIGN_ENTITLEMENTS = social/social.entitlements;
				DEVELOPMENT_TEAM = RA4UC54DV9;
				INFOPLIST_FILE = social/Info.plist;
				LD_RUNPATH_SEARCH_PATHS = "$(inherited) @executable_path/Frameworks";
				PRODUCT_BUNDLE_IDENTIFIER = RA4UC54DV9.social;
				PRODUCT_NAME = "$(TARGET_NAME)";
				SWIFT_VERSION = 3.0;
			};
			name = Release;
		};
/* End XCBuildConfiguration section */

/* Begin XCConfigurationList section */
		AC5270431DDCE175007E079C /* Build configuration list for PBXProject "social" */ = {
			isa = XCConfigurationList;
			buildConfigurations = (
				AC5270581DDCE175007E079C /* Debug */,
				AC5270591DDCE175007E079C /* Release */,
			);
			defaultConfigurationIsVisible = 0;
			defaultConfigurationName = Release;
		};
		AC52705A1DDCE175007E079C /* Build configuration list for PBXNativeTarget "social" */ = {
			isa = XCConfigurationList;
			buildConfigurations = (
				AC52705B1DDCE175007E079C /* Debug */,
				AC52705C1DDCE175007E079C /* Release */,
			);
			defaultConfigurationIsVisible = 0;
			defaultConfigurationName = Release;
		};
/* End XCConfigurationList section */
	};
	rootObject = AC5270401DDCE175007E079C /* Project object */;
}
